
Microsoft Visual Studio Solution File, Format Version 12.00
# Visual Studio Version 16
VisualStudioVersion = 16.0.29102.190
MinimumVisualStudioVersion = 10.0.40219.1
Project("{FAE04EC0-301F-11D3-BF4B-00C04F79EFBC}") = "PersonalizerApp", "PersonalizerApp.csproj", "{BD997632-55DE-43D8-BCD6-07F17C818A72}"
EndProject
Global
	GlobalSection(SolutionConfigurationPlatforms) = preSolution
		Debug|Any CPU = Debug|Any CPU
		Release|Any CPU = Release|Any CPU
	EndGlobalSection
	GlobalSection(ProjectConfigurationPlatforms) = postSolution
		{BD997632-55DE-43D8-BCD6-07F17C818A72}.Debug|Any CPU.ActiveCfg = Debug|Any CPU
		{BD997632-55DE-43D8-BCD6-07F17C818A72}.Debug|Any CPU.Build.0 = Debug|Any CPU
		{BD997632-55DE-43D8-BCD6-07F17C818A72}.Release|Any CPU.ActiveCfg = Release|Any CPU
		{BD997632-55DE-43D8-BCD6-07F17C818A72}.Release|Any CPU.Build.0 = Release|Any CPU
	EndGlobalSection
	GlobalSection(SolutionProperties) = preSolution
		HideSolutionNode = FALSE
	EndGlobalSection
	GlobalSection(ExtensibilityGlobals) = postSolution
		SolutionGuid = {79B9A307-81CF-4DC7-AA6D-3A5A95DFF9D1}
	EndGlobalSection
EndGlobal
